
Microsoft Visual Studio Solution File, Format Version 12.00
# Visual Studio 15
VisualStudioVersion = 15.0.27130.2020
MinimumVisualStudioVersion = 10.0.40219.1
Project("{9A19103F-16F7-4668-BE54-9A1E7A4F7556}") = "CorePluralSightFirst", "CorePluralSightFirst\CorePluralSightFirst.csproj", "{E6C91D78-D351-43BA-B886-21E48571C657}"
EndProject
Project("{9A19103F-16F7-4668-BE54-9A1E7A4F7556}") = "Shared", "Shared\Shared.csproj", "{2E5FE28C-2EDD-452E-A13D-3B27D154C500}"
EndProject
Project("{FAE04EC0-301F-11D3-BF4B-00C04F79EFBC}") = "API", "API\API.csproj", "{ADA00EEF-9CAC-489A-8712-FF751E9821F7}"
EndProject
Global
	GlobalSection(SolutionConfigurationPlatforms) = preSolution
		Debug|Any CPU = Debug|Any CPU
		Release|Any CPU = Release|Any CPU
	EndGlobalSection
	GlobalSection(ProjectConfigurationPlatforms) = postSolution
		{E6C91D78-D351-43BA-B886-21E48571C657}.Debug|Any CPU.ActiveCfg = Debug|Any CPU
		{E6C91D78-D351-43BA-B886-21E48571C657}.Debug|Any CPU.Build.0 = Debug|Any CPU
		{E6C91D78-D351-43BA-B886-21E48571C657}.Release|Any CPU.ActiveCfg = Release|Any CPU
		{E6C91D78-D351-43BA-B886-21E48571C657}.Release|Any CPU.Build.0 = Release|Any CPU
		{2E5FE28C-2EDD-452E-A13D-3B27D154C500}.Debug|Any CPU.ActiveCfg = Debug|Any CPU
		{2E5FE28C-2EDD-452E-A13D-3B27D154C500}.Debug|Any CPU.Build.0 = Debug|Any CPU
		{2E5FE28C-2EDD-452E-A13D-3B27D154C500}.Release|Any CPU.ActiveCfg = Release|Any CPU
		{2E5FE28C-2EDD-452E-A13D-3B27D154C500}.Release|Any CPU.Build.0 = Release|Any CPU
		{ADA00EEF-9CAC-489A-8712-FF751E9821F7}.Debug|Any CPU.ActiveCfg = Debug|Any CPU
		{ADA00EEF-9CAC-489A-8712-FF751E9821F7}.Debug|Any CPU.Build.0 = Debug|Any CPU
		{ADA00EEF-9CAC-489A-8712-FF751E9821F7}.Release|Any CPU.ActiveCfg = Release|Any CPU
		{ADA00EEF-9CAC-489A-8712-FF751E9821F7}.Release|Any CPU.Build.0 = Release|Any CPU
	EndGlobalSection
	GlobalSection(SolutionProperties) = preSolution
		HideSolutionNode = FALSE
	EndGlobalSection
	GlobalSection(ExtensibilityGlobals) = postSolution
		SolutionGuid = {4CE8DB3D-C9A7-46FF-BFFD-30567B9EAD83}
	EndGlobalSection
EndGlobal
